// !$*UTF8*$!
{
	archiveVersion = 1;
	classes = {
	};
	objectVersion = 56;
	objects = {

/* Begin PBXBuildFile section */
		8F8282112C9DCFA400085FFE /* Swift_News_AppApp.swift in Sources */ = {isa = PBXBuildFile; fileRef = 8F8282102C9DCFA400085FFE /* Swift_News_AppApp.swift */; };
		8F8282152C9DCFA500085FFE /* Assets.xcassets in Resources */ = {isa = PBXBuildFile; fileRef = 8F8282142C9DCFA500085FFE /* Assets.xcassets */; };
		8F8282182C9DCFA500085FFE /* Preview Assets.xcassets in Resources */ = {isa = PBXBuildFile; fileRef = 8F8282172C9DCFA500085FFE /* Preview Assets.xcassets */; };
		8FBA1A272C9DD01000BADEAC /* NewsDetailView.swift in Sources */ = {isa = PBXBuildFile; fileRef = 8FBA1A262C9DD01000BADEAC /* NewsDetailView.swift */; };
		8FBA1A292C9DD02900BADEAC /* NewsListView.swift in Sources */ = {isa = PBXBuildFile; fileRef = 8FBA1A282C9DD02900BADEAC /* NewsListView.swift */; };
		8FBA1A2B2C9DD03C00BADEAC /* Article.swift in Sources */ = {isa = PBXBuildFile; fileRef = 8FBA1A2A2C9DD03C00BADEAC /* Article.swift */; };
		8FBA1A2D2C9DD04B00BADEAC /* NewsResponse.swift in Sources */ = {isa = PBXBuildFile; fileRef = 8FBA1A2C2C9DD04B00BADEAC /* NewsResponse.swift */; };
		8FBA1A2F2C9DD05D00BADEAC /* Source.swift in Sources */ = {isa = PBXBuildFile; fileRef = 8FBA1A2E2C9DD05D00BADEAC /* Source.swift */; };
		8FBA1A312C9DD07E00BADEAC /* NewsViewModel.swift in Sources */ = {isa = PBXBuildFile; fileRef = 8FBA1A302C9DD07E00BADEAC /* NewsViewModel.swift */; };
/* End PBXBuildFile section */

/* Begin PBXFileReference section */
		8F82820D2C9DCFA400085FFE /* Swift-News-App.app */ = {isa = PBXFileReference; explicitFileType = wrapper.application; includeInIndex = 0; path = "Swift-News-App.app"; sourceTree = BUILT_PRODUCTS_DIR; };
		8F8282102C9DCFA400085FFE /* Swift_News_AppApp.swift */ = {isa = PBXFileReference; lastKnownFileType = sourcecode.swift; path = Swift_News_AppApp.swift; sourceTree = "<group>"; };
		8F8282142C9DCFA500085FFE /* Assets.xcassets */ = {isa = PBXFileReference; lastKnownFileType = folder.assetcatalog; path = Assets.xcassets; sourceTree = "<group>"; };
		8F8282172C9DCFA500085FFE /* Preview Assets.xcassets */ = {isa = PBXFileReference; lastKnownFileType = folder.assetcatalog; path = "Preview Assets.xcassets"; sourceTree = "<group>"; };
		8FBA1A262C9DD01000BADEAC /* NewsDetailView.swift */ = {isa = PBXFileReference; lastKnownFileType = sourcecode.swift; path = NewsDetailView.swift; sourceTree = "<group>"; };
		8FBA1A282C9DD02900BADEAC /* NewsListView.swift */ = {isa = PBXFileReference; lastKnownFileType = sourcecode.swift; path = NewsListView.swift; sourceTree = "<group>"; };
		8FBA1A2A2C9DD03C00BADEAC /* Article.swift */ = {isa = PBXFileReference; lastKnownFileType = sourcecode.swift; path = Article.swift; sourceTree = "<group>"; };
		8FBA1A2C2C9DD04B00BADEAC /* NewsResponse.swift */ = {isa = PBXFileReference; lastKnownFileType = sourcecode.swift; path = NewsResponse.swift; sourceTree = "<group>"; };
		8FBA1A2E2C9DD05D00BADEAC /* Source.swift */ = {isa = PBXFileReference; lastKnownFileType = sourcecode.swift; path = Source.swift; sourceTree = "<group>"; };
		8FBA1A302C9DD07E00BADEAC /* NewsViewModel.swift */ = {isa = PBXFileReference; lastKnownFileType = sourcecode.swift; path = NewsViewModel.swift; sourceTree = "<group>"; };
		8FBA1A362C9DD58400BADEAC /* Info.plist */ = {isa = PBXFileReference; lastKnownFileType = text.plist; path = Info.plist; sourceTree = "<group>"; };
/* End PBXFileReference section */

/* Begin PBXFrameworksBuildPhase section */
		8F82820A2C9DCFA400085FFE /* Frameworks */ = {
			isa = PBXFrameworksBuildPhase;
			buildActionMask = 2147483647;
			files = (
			);
			runOnlyForDeploymentPostprocessing = 0;
		};
/* End PBXFrameworksBuildPhase section */

/* Begin PBXGroup section */
		8F8282042C9DCFA400085FFE = {
			isa = PBXGroup;
			children = (
				8F82820F2C9DCFA400085FFE /* Swift-News-App */,
				8F82820E2C9DCFA400085FFE /* Products */,
			);
			sourceTree = "<group>";
		};
		8F82820E2C9DCFA400085FFE /* Products */ = {
			isa = PBXGroup;
			children = (
				8F82820D2C9DCFA400085FFE /* Swift-News-App.app */,
			);
			name = Products;
			sourceTree = "<group>";
		};
		8F82820F2C9DCFA400085FFE /* Swift-News-App */ = {
			isa = PBXGroup;
			children = (
				8FBA1A362C9DD58400BADEAC /* Info.plist */,
				8FBA1A252C9DD00400BADEAC /* Views */,
				8FBA1A242C9DCFFE00BADEAC /* ViewModels */,
				8FBA1A232C9DCFF700BADEAC /* Models */,
				8F8282102C9DCFA400085FFE /* Swift_News_AppApp.swift */,
				8F8282142C9DCFA500085FFE /* Assets.xcassets */,
				8F8282162C9DCFA500085FFE /* Preview Content */,
			);
			path = "Swift-News-App";
			sourceTree = "<group>";
		};
		8F8282162C9DCFA500085FFE /* Preview Content */ = {
			isa = PBXGroup;
			children = (
				8F8282172C9DCFA500085FFE /* Preview Assets.xcassets */,
			);
			path = "Preview Content";
			sourceTree = "<group>";
		};
		8FBA1A232C9DCFF700BADEAC /* Models */ = {
			isa = PBXGroup;
			children = (
				8FBA1A2A2C9DD03C00BADEAC /* Article.swift */,
				8FBA1A2C2C9DD04B00BADEAC /* NewsResponse.swift */,
				8FBA1A2E2C9DD05D00BADEAC /* Source.swift */,
			);
			path = Models;
			sourceTree = "<group>";
		};
		8FBA1A242C9DCFFE00BADEAC /* ViewModels */ = {
			isa = PBXGroup;
			children = (
				8FBA1A302C9DD07E00BADEAC /* NewsViewModel.swift */,
			);
			path = ViewModels;
			sourceTree = "<group>";
		};
		8FBA1A252C9DD00400BADEAC /* Views */ = {
			isa = PBXGroup;
			children = (
				8FBA1A262C9DD01000BADEAC /* NewsDetailView.swift */,
				8FBA1A282C9DD02900BADEAC /* NewsListView.swift */,
			);
			path = Views;
			sourceTree = "<group>";
		};
/* End PBXGroup section */

/* Begin PBXNativeTarget section */
		8F82820C2C9DCFA400085FFE /* Swift-News-App */ = {
			isa = PBXNativeTarget;
			buildConfigurationList = 8F82821B2C9DCFA500085FFE /* Build configuration list for PBXNativeTarget "Swift-News-App" */;
			buildPhases = (
				8F8282092C9DCFA400085FFE /* Sources */,
				8F82820A2C9DCFA400085FFE /* Frameworks */,
				8F82820B2C9DCFA400085FFE /* Resources */,
			);
			buildRules = (
			);
			dependencies = (
			);
			name = "Swift-News-App";
			productName = "Swift-News-App";
			productReference = 8F82820D2C9DCFA400085FFE /* Swift-News-App.app */;
			productType = "com.apple.product-type.application";
		};
/* End PBXNativeTarget section */

/* Begin PBXProject section */
		8F8282052C9DCFA400085FFE /* Project object */ = {
			isa = PBXProject;
			attributes = {
				BuildIndependentTargetsInParallel = 1;
				KnownAssetTags = (
					APIKEY,
				);
				LastSwiftUpdateCheck = 1540;
				LastUpgradeCheck = 1540;
				TargetAttributes = {
					8F82820C2C9DCFA400085FFE = {
						CreatedOnToolsVersion = 15.4;
					};
				};
			};
			buildConfigurationList = 8F8282082C9DCFA400085FFE /* Build configuration list for PBXProject "Swift-News-App" */;
			compatibilityVersion = "Xcode 14.0";
			developmentRegion = en;
			hasScannedForEncodings = 0;
			knownRegions = (
				en,
				Base,
			);
			mainGroup = 8F8282042C9DCFA400085FFE;
			productRefGroup = 8F82820E2C9DCFA400085FFE /* Products */;
			projectDirPath = "";
			projectRoot = "";
			targets = (
				8F82820C2C9DCFA400085FFE /* Swift-News-App */,
			);
		};
/* End PBXProject section */

/* Begin PBXResourcesBuildPhase section */
		8F82820B2C9DCFA400085FFE /* Resources */ = {
			isa = PBXResourcesBuildPhase;
			buildActionMask = 2147483647;
			files = (
				8F8282182C9DCFA500085FFE /* Preview Assets.xcassets in Resources */,
				8F8282152C9DCFA500085FFE /* Assets.xcassets in Resources */,
			);
			runOnlyForDeploymentPostprocessing = 0;
		};
/* End PBXResourcesBuildPhase section */

/* Begin PBXSourcesBuildPhase section */
		8F8282092C9DCFA400085FFE /* Sources */ = {
			isa = PBXSourcesBuildPhase;
			buildActionMask = 2147483647;
			files = (
				8FBA1A2B2C9DD03C00BADEAC /* Article.swift in Sources */,
				8FBA1A2D2C9DD04B00BADEAC /* NewsResponse.swift in Sources */,
				8FBA1A2F2C9DD05D00BADEAC /* Source.swift in Sources */,
				8FBA1A272C9DD01000BADEAC /* NewsDetailView.swift in Sources */,
				8FBA1A312C9DD07E00BADEAC /* NewsViewModel.swift in Sources */,
				8FBA1A292C9DD02900BADEAC /* NewsListView.swift in Sources */,
				8F8282112C9DCFA400085FFE /* Swift_News_AppApp.swift in Sources */,
			);
			runOnlyForDeploymentPostprocessing = 0;
		};
/* End PBXSourcesBuildPhase section */

/* Begin XCBuildConfiguration section */
		8F8282192C9DCFA500085FFE /* Debug */ = {
			isa = XCBuildConfiguration;
			buildSettings = {
				ALWAYS_SEARCH_USER_PATHS = NO;
				ASSETCATALOG_COMPILER_GENERATE_SWIFT_ASSET_SYMBOL_EXTENSIONS = YES;
				CLANG_ANALYZER_NONNULL = YES;
				CLANG_ANALYZER_NUMBER_OBJECT_CONVERSION = YES_AGGRESSIVE;
				CLANG_CXX_LANGUAGE_STANDARD = "gnu++20";
				CLANG_ENABLE_MODULES = YES;
				CLANG_ENABLE_OBJC_ARC = YES;
				CLANG_ENABLE_OBJC_WEAK = YES;
				CLANG_WARN_BLOCK_CAPTURE_AUTORELEASING = YES;
				CLANG_WARN_BOOL_CONVERSION = YES;
				CLANG_WARN_COMMA = YES;
				CLANG_WARN_CONSTANT_CONVERSION = YES;
				CLANG_WARN_DEPRECATED_OBJC_IMPLEMENTATIONS = YES;
				CLANG_WARN_DIRECT_OBJC_ISA_USAGE = YES_ERROR;
				CLANG_WARN_DOCUMENTATION_COMMENTS = YES;
				CLANG_WARN_EMPTY_BODY = YES;
				CLANG_WARN_ENUM_CONVERSION = YES;
				CLANG_WARN_INFINITE_RECURSION = YES;
				CLANG_WARN_INT_CONVERSION = YES;
				CLANG_WARN_NON_LITERAL_NULL_CONVERSION = YES;
				CLANG_WARN_OBJC_IMPLICIT_RETAIN_SELF = YES;
				CLANG_WARN_OBJC_LITERAL_CONVERSION = YES;
				CLANG_WARN_OBJC_ROOT_CLASS = YES_ERROR;
				CLANG_WARN_QUOTED_INCLUDE_IN_FRAMEWORK_HEADER = YES;
				CLANG_WARN_RANGE_LOOP_ANALYSIS = YES;
				CLANG_WARN_STRICT_PROTOTYPES = YES;
				CLANG_WARN_SUSPICIOUS_MOVE = YES;
				CLANG_WARN_UNGUARDED_AVAILABILITY = YES_AGGRESSIVE;
				CLANG_WARN_UNREACHABLE_CODE = YES;
				CLANG_WARN__DUPLICATE_METHOD_MATCH = YES;
				COPY_PHASE_STRIP = NO;
				DEBUG_INFORMATION_FORMAT = dwarf;
				ENABLE_STRICT_OBJC_MSGSEND = YES;
				ENABLE_TESTABILITY = YES;
				ENABLE_USER_SCRIPT_SANDBOXING = YES;
				GCC_C_LANGUAGE_STANDARD = gnu17;
				GCC_DYNAMIC_NO_PIC = NO;
				GCC_NO_COMMON_BLOCKS = YES;
				GCC_OPTIMIZATION_LEVEL = 0;
				GCC_PREPROCESSOR_DEFINITIONS = (
					"DEBUG=1",
					"$(inherited)",
				);
				GCC_WARN_64_TO_32_BIT_CONVERSION = YES;
				GCC_WARN_ABOUT_RETURN_TYPE = YES_ERROR;
				GCC_WARN_UNDECLARED_SELECTOR = YES;
				GCC_WARN_UNINITIALIZED_AUTOS = YES_AGGRESSIVE;
				GCC_WARN_UNUSED_FUNCTION = YES;
				GCC_WARN_UNUSED_VARIABLE = YES;
				IPHONEOS_DEPLOYMENT_TARGET = 17.5;
				LOCALIZATION_PREFERS_STRING_CATALOGS = YES;
				MTL_ENABLE_DEBUG_INFO = INCLUDE_SOURCE;
				MTL_FAST_MATH = YES;
				ONLY_ACTIVE_ARCH = YES;
				SDKROOT = iphoneos;
				SWIFT_ACTIVE_COMPILATION_CONDITIONS = "DEBUG $(inherited)";
				SWIFT_OPTIMIZATION_LEVEL = "-Onone";
			};
			name = Debug;
		};
		8F82821A2C9DCFA500085FFE /* Release */ = {
			isa = XCBuildConfiguration;
			buildSettings = {
				ALWAYS_SEARCH_USER_PATHS = NO;
				ASSETCATALOG_COMPILER_GENERATE_SWIFT_ASSET_SYMBOL_EXTENSIONS = YES;
				CLANG_ANALYZER_NONNULL = YES;
				CLANG_ANALYZER_NUMBER_OBJECT_CONVERSION = YES_AGGRESSIVE;
				CLANG_CXX_LANGUAGE_STANDARD = "gnu++20";
				CLANG_ENABLE_MODULES = YES;
				CLANG_ENABLE_OBJC_ARC = YES;
				CLANG_ENABLE_OBJC_WEAK = YES;
				CLANG_WARN_BLOCK_CAPTURE_AUTORELEASING = YES;
				CLANG_WARN_BOOL_CONVERSION = YES;
				CLANG_WARN_COMMA = YES;
				CLANG_WARN_CONSTANT_CONVERSION = YES;
				CLANG_WARN_DEPRECATED_OBJC_IMPLEMENTATIONS = YES;
				CLANG_WARN_DIRECT_OBJC_ISA_USAGE = YES_ERROR;
				CLANG_WARN_DOCUMENTATION_COMMENTS = YES;
				CLANG_WARN_EMPTY_BODY = YES;
				CLANG_WARN_ENUM_CONVERSION = YES;
				CLANG_WARN_INFINITE_RECURSION = YES;
				CLANG_WARN_INT_CONVERSION = YES;
				CLANG_WARN_NON_LITERAL_NULL_CONVERSION = YES;
				CLANG_WARN_OBJC_IMPLICIT_RETAIN_SELF = YES;
				CLANG_WARN_OBJC_LITERAL_CONVERSION = YES;
				CLANG_WARN_OBJC_ROOT_CLASS = YES_ERROR;
				CLANG_WARN_QUOTED_INCLUDE_IN_FRAMEWORK_HEADER = YES;
				CLANG_WARN_RANGE_LOOP_ANALYSIS = YES;
				CLANG_WARN_STRICT_PROTOTYPES = YES;
				CLANG_WARN_SUSPICIOUS_MOVE = YES;
				CLANG_WARN_UNGUARDED_AVAILABILITY = YES_AGGRESSIVE;
				CLANG_WARN_UNREACHABLE_CODE = YES;
				CLANG_WARN__DUPLICATE_METHOD_MATCH = YES;
				COPY_PHASE_STRIP = NO;
				DEBUG_INFORMATION_FORMAT = "dwarf-with-dsym";
				ENABLE_NS_ASSERTIONS = NO;
				ENABLE_STRICT_OBJC_MSGSEND = YES;
				ENABLE_USER_SCRIPT_SANDBOXING = YES;
				GCC_C_LANGUAGE_STANDARD = gnu17;
				GCC_NO_COMMON_BLOCKS = YES;
				GCC_WARN_64_TO_32_BIT_CONVERSION = YES;
				GCC_WARN_ABOUT_RETURN_TYPE = YES_ERROR;
				GCC_WARN_UNDECLARED_SELECTOR = YES;
				GCC_WARN_UNINITIALIZED_AUTOS = YES_AGGRESSIVE;
				GCC_WARN_UNUSED_FUNCTION = YES;
				GCC_WARN_UNUSED_VARIABLE = YES;
				IPHONEOS_DEPLOYMENT_TARGET = 17.5;
				LOCALIZATION_PREFERS_STRING_CATALOGS = YES;
				MTL_ENABLE_DEBUG_INFO = NO;
				MTL_FAST_MATH = YES;
				SDKROOT = iphoneos;
				SWIFT_COMPILATION_MODE = wholemodule;
				VALIDATE_PRODUCT = YES;
			};
			name = Release;
		};
		8F82821C2C9DCFA500085FFE /* Debug */ = {
			isa = XCBuildConfiguration;
			buildSettings = {
				ASSETCATALOG_COMPILER_APPICON_NAME = AppIcon;
				ASSETCATALOG_COMPILER_GLOBAL_ACCENT_COLOR_NAME = AccentColor;
				CODE_SIGN_STYLE = Automatic;
				CURRENT_PROJECT_VERSION = 1;
				DEVELOPMENT_ASSET_PATHS = "\"Swift-News-App/Preview Content\"";
				DEVELOPMENT_TEAM = CLGFF9M4ZW;
				ENABLE_PREVIEWS = YES;
				GENERATE_INFOPLIST_FILE = YES;
				INFOPLIST_FILE = "Swift-News-App/Info.plist";
				INFOPLIST_KEY_UIApplicationSceneManifest_Generation = YES;
				INFOPLIST_KEY_UIApplicationSupportsIndirectInputEvents = YES;
				INFOPLIST_KEY_UILaunchScreen_Generation = YES;
				INFOPLIST_KEY_UISupportedInterfaceOrientations_iPad = "UIInterfaceOrientationPortrait UIInterfaceOrientationPortraitUpsideDown UIInterfaceOrientationLandscapeLeft UIInterfaceOrientationLandscapeRight";
				INFOPLIST_KEY_UISupportedInterfaceOrientations_iPhone = "UIInterfaceOrientationPortrait UIInterfaceOrientationLandscapeLeft UIInterfaceOrientationLandscapeRight";
				LD_RUNPATH_SEARCH_PATHS = (
					"$(inherited)",
					"@executable_path/Frameworks",
				);
				MARKETING_VERSION = 1.0;
				PRODUCT_BUNDLE_IDENTIFIER = "com.hristian.Swift-News-App";
				PRODUCT_NAME = "$(TARGET_NAME)";
				SWIFT_EMIT_LOC_STRINGS = YES;
				SWIFT_VERSION = 5.0;
				TARGETED_DEVICE_FAMILY = "1,2";
			};
			name = Debug;
		};
		8F82821D2C9DCFA500085FFE /* Release */ = {
			isa = XCBuildConfiguration;
			buildSettings = {
				ASSETCATALOG_COMPILER_APPICON_NAME = AppIcon;
				ASSETCATALOG_COMPILER_GLOBAL_ACCENT_COLOR_NAME = AccentColor;
				CODE_SIGN_STYLE = Automatic;
				CURRENT_PROJECT_VERSION = 1;
				DEVELOPMENT_ASSET_PATHS = "\"Swift-News-App/Preview Content\"";
				DEVELOPMENT_TEAM = CLGFF9M4ZW;
				ENABLE_PREVIEWS = YES;
				GENERATE_INFOPLIST_FILE = YES;
				INFOPLIST_FILE = "Swift-News-App/Info.plist";
				INFOPLIST_KEY_UIApplicationSceneManifest_Generation = YES;
				INFOPLIST_KEY_UIApplicationSupportsIndirectInputEvents = YES;
				INFOPLIST_KEY_UILaunchScreen_Generation = YES;
				INFOPLIST_KEY_UISupportedInterfaceOrientations_iPad = "UIInterfaceOrientationPortrait UIInterfaceOrientationPortraitUpsideDown UIInterfaceOrientationLandscapeLeft UIInterfaceOrientationLandscapeRight";
				INFOPLIST_KEY_UISupportedInterfaceOrientations_iPhone = "UIInterfaceOrientationPortrait UIInterfaceOrientationLandscapeLeft UIInterfaceOrientationLandscapeRight";
				LD_RUNPATH_SEARCH_PATHS = (
					"$(inherited)",
					"@executable_path/Frameworks",
				);
				MARKETING_VERSION = 1.0;
				PRODUCT_BUNDLE_IDENTIFIER = "com.hristian.Swift-News-App";
				PRODUCT_NAME = "$(TARGET_NAME)";
				SWIFT_EMIT_LOC_STRINGS = YES;
				SWIFT_VERSION = 5.0;
				TARGETED_DEVICE_FAMILY = "1,2";
			};
			name = Release;
		};
/* End XCBuildConfiguration section */

/* Begin XCConfigurationList section */
		8F8282082C9DCFA400085FFE /* Build configuration list for PBXProject "Swift-News-App" */ = {
			isa = XCConfigurationList;
			buildConfigurations = (
				8F8282192C9DCFA500085FFE /* Debug */,
				8F82821A2C9DCFA500085FFE /* Release */,
			);
			defaultConfigurationIsVisible = 0;
			defaultConfigurationName = Release;
		};
		8F82821B2C9DCFA500085FFE /* Build configuration list for PBXNativeTarget "Swift-News-App" */ = {
			isa = XCConfigurationList;
			buildConfigurations = (
				8F82821C2C9DCFA500085FFE /* Debug */,
				8F82821D2C9DCFA500085FFE /* Release */,
			);
			defaultConfigurationIsVisible = 0;
			defaultConfigurationName = Release;
		};
/* End XCConfigurationList section */
	};
	rootObject = 8F8282052C9DCFA400085FFE /* Project object */;
}
